
Microsoft Visual Studio Solution File, Format Version 12.00
# Visual Studio Version 16
VisualStudioVersion = 16.0.32802.440
MinimumVisualStudioVersion = 10.0.40219.1
Project("{9A19103F-16F7-4668-BE54-9A1E7A4F7556}") = "HelloWorldAspNetCore", "HelloWorldAspNetCore.csproj", "{C0BCFFF2-42C7-410D-943B-067024592D84}"
EndProject
Global
	GlobalSection(SolutionConfigurationPlatforms) = preSolution
		Debug|Any CPU = Debug|Any CPU
		Release|Any CPU = Release|Any CPU
	EndGlobalSection
	GlobalSection(ProjectConfigurationPlatforms) = postSolution
		{C0BCFFF2-42C7-410D-943B-067024592D84}.Debug|Any CPU.ActiveCfg = Debug|Any CPU
		{C0BCFFF2-42C7-410D-943B-067024592D84}.Debug|Any CPU.Build.0 = Debug|Any CPU
		{C0BCFFF2-42C7-410D-943B-067024592D84}.Release|Any CPU.ActiveCfg = Release|Any CPU
		{C0BCFFF2-42C7-410D-943B-067024592D84}.Release|Any CPU.Build.0 = Release|Any CPU
	EndGlobalSection
	GlobalSection(SolutionProperties) = preSolution
		HideSolutionNode = FALSE
	EndGlobalSection
	GlobalSection(ExtensibilityGlobals) = postSolution
		SolutionGuid = {DC708B2D-5153-4D2B-8875-E4A106048EF9}
	EndGlobalSection
EndGlobal
